<?xml version="1.0" encoding="utf-8"?>
<Project ToolsVersion="4.0" xmlns="http://schemas.microsoft.com/developer/msbuild/2003">
  <ItemGroup>
    <Filter Include="Source Files">
      <UniqueIdentifier>{4FC737F1-C7A5-4376-A066-2A32D752A2FF}</UniqueIdentifier>
      <Extensions>cpp;c;cc;cxx;def;odl;idl;hpj;bat;asm;asmx</Extensions>
    </Filter>
    <Filter Include="Header Files">
      <UniqueIdentifier>{93995380-89BD-4b04-88EB-625FBE52EBFB}</UniqueIdentifier>
      <Extensions>h;hh;hpp;hxx;hm;inl;inc;xsd</Extensions>
    </Filter>
    <Filter Include="Resource Files">
      <UniqueIdentifier>{67DA6AB6-F800-4c08-8B7A-83BB121AAD01}</UniqueIdentifier>
      <Extensions>rc;ico;cur;bmp;dlg;rc2;rct;bin;rgs;gif;jpg;jpeg;jpe;resx;tiff;tif;png;wav;mfcribbon-ms</Extensions>
    </Filter>
    <Filter Include="Source Files\tree">
      <UniqueIdentifier>{2accff01-4438-4835-8964-1e09870cfa7f}</UniqueIdentifier>
    </Filter>
    <Filter Include="Source Files\string">
      <UniqueIdentifier>{d66ee759-76fd-4ed6-9598-51f2c9f0f99f}</UniqueIdentifier>
    </Filter>
    <Filter Include="Source Files\DP">
      <UniqueIdentifier>{2a9fb0ad-ab26-4c46-b390-1a66dccc0ed5}</UniqueIdentifier>
    </Filter>
    <Filter Include="Source Files\Array">
      <UniqueIdentifier>{bd95263f-6c34-4e0f-a537-385dbfec0af3}</UniqueIdentifier>
    </Filter>
    <Filter Include="Source Files\Linked List">
      <UniqueIdentifier>{470a8388-0f96-4692-b7ff-ba3c5a6885a6}</UniqueIdentifier>
    </Filter>
  </ItemGroup>
  <ItemGroup>
    <ClCompile Include="000_util.cpp">
      <Filter>Source Files</Filter>
    </ClCompile>
    <ClCompile Include="007_Reverse Integer.cpp">
      <Filter>Source Files</Filter>
    </ClCompile>
    <ClCompile Include="008_String to Integer (atoi).cpp">
      <Filter>Source Files</Filter>
    </ClCompile>
    <ClCompile Include="009_Palindrome_Number.cpp">
      <Filter>Source Files</Filter>
    </ClCompile>
    <ClCompile Include="023_Merge k Sorted Lists.cpp">
      <Filter>Source Files</Filter>
    </ClCompile>
    <ClCompile Include="024_Swap Nodes in Pairs.cpp">
      <Filter>Source Files</Filter>
    </ClCompile>
    <ClCompile Include="033_Search in Rotated Sorted Array.cpp">
      <Filter>Source Files</Filter>
    </ClCompile>
    <ClCompile Include="039_Combination Sum.cpp">
      <Filter>Source Files</Filter>
    </ClCompile>
    <ClCompile Include="040_Combination Sum II.cpp">
      <Filter>Source Files</Filter>
    </ClCompile>
    <ClCompile Include="041_First Missing Positive.cpp">
      <Filter>Source Files</Filter>
    </ClCompile>
    <ClCompile Include="050_Pow(x, n).cpp">
      <Filter>Source Files</Filter>
    </ClCompile>
    <ClCompile Include="059_Spiral Matrix II.cpp">
      <Filter>Source Files</Filter>
    </ClCompile>
    <ClCompile Include="062_Unique Paths.cpp">
      <Filter>Source Files</Filter>
    </ClCompile>
    <ClCompile Include="063_Unique Paths II.cpp">
      <Filter>Source Files</Filter>
    </ClCompile>
    <ClCompile Include="064_Minimum Path Sum.cpp">
      <Filter>Source Files</Filter>
    </ClCompile>
    <ClCompile Include="069_Sqrt(x).cpp">
      <Filter>Source Files</Filter>
    </ClCompile>
    <ClCompile Include="075_Sort Colors.cpp">
      <Filter>Source Files</Filter>
    </ClCompile>
    <ClCompile Include="077_Combinations.cpp">
      <Filter>Source Files</Filter>
    </ClCompile>
    <ClCompile Include="078_Subsets.cpp">
      <Filter>Source Files</Filter>
    </ClCompile>
    <ClCompile Include="080_Remove Duplicates from Sorted Array II.cpp">
      <Filter>Source Files</Filter>
    </ClCompile>
    <ClCompile Include="081_Search in Rotated Sorted Array II.cpp">
      <Filter>Source Files</Filter>
    </ClCompile>
    <ClCompile Include="082_Remove Duplicates from Sorted List II.cpp">
      <Filter>Source Files</Filter>
    </ClCompile>
    <ClCompile Include="090_Subsets II.cpp">
      <Filter>Source Files</Filter>
    </ClCompile>
    <ClCompile Include="092_Reverse Linked List II.cpp">
      <Filter>Source Files</Filter>
    </ClCompile>
    <ClCompile Include="136_Single Number.cpp">
      <Filter>Source Files</Filter>
    </ClCompile>
    <ClCompile Include="141_Linked List Cycle.cpp">
      <Filter>Source Files</Filter>
    </ClCompile>
    <ClCompile Include="148_Sort List.cpp">
      <Filter>Source Files</Filter>
    </ClCompile>
    <ClCompile Include="151_Reverse Words in a String.cpp">
      <Filter>Source Files</Filter>
    </ClCompile>
    <ClCompile Include="153_Find Minimum in Rotated Sorted Array.cpp">
      <Filter>Source Files</Filter>
    </ClCompile>
    <ClCompile Include="155_Min Stack.cpp">
      <Filter>Source Files</Filter>
    </ClCompile>
    <ClCompile Include="160_Intersection of Two Linked Lists.cpp">
      <Filter>Source Files</Filter>
    </ClCompile>
    <ClCompile Include="171_Excel Sheet Column Number.cpp">
      <Filter>Source Files</Filter>
    </ClCompile>
    <ClCompile Include="172_Factorial Trailing Zeroes.cpp">
      <Filter>Source Files</Filter>
    </ClCompile>
    <ClCompile Include="179_Largest Number.cpp">
      <Filter>Source Files</Filter>
    </ClCompile>
    <ClCompile Include="189_Rotate Array.cpp">
      <Filter>Source Files</Filter>
    </ClCompile>
    <ClCompile Include="190_Reverse Bits.cpp">
      <Filter>Source Files</Filter>
    </ClCompile>
    <ClCompile Include="191_Number of 1 Bits.cpp">
      <Filter>Source Files</Filter>
    </ClCompile>
    <ClCompile Include="215_Kth Largest Element in an Array.cpp">
      <Filter>Source Files</Filter>
    </ClCompile>
    <ClCompile Include="216_Combination Sum III.cpp">
      <Filter>Source Files</Filter>
    </ClCompile>
    <ClCompile Include="225_Implement Stack using Queues.cpp">
      <Filter>Source Files</Filter>
    </ClCompile>
    <ClCompile Include="231_Power of Two.cpp">
      <Filter>Source Files</Filter>
    </ClCompile>
    <ClCompile Include="232_Implement Queue using Stacks.cpp">
      <Filter>Source Files</Filter>
    </ClCompile>
    <ClCompile Include="242_Valid Anagram.cpp">
      <Filter>Source Files</Filter>
    </ClCompile>
    <ClCompile Include="257_Binary Tree Paths.cpp">
      <Filter>Source Files</Filter>
    </ClCompile>
    <ClCompile Include="258_Add Digits.cpp">
      <Filter>Source Files</Filter>
    </ClCompile>
    <ClCompile Include="300_Longest Increasing Subsequence.cpp">
      <Filter>Source Files</Filter>
    </ClCompile>
    <ClCompile Include="326_Power of Three.cpp">
      <Filter>Source Files</Filter>
    </ClCompile>
    <ClCompile Include="328_Odd Even Linked List.cpp">
      <Filter>Source Files</Filter>
    </ClCompile>
    <ClCompile Include="345_Reverse Vowels of a String.cpp">
      <Filter>Source Files</Filter>
    </ClCompile>
    <ClCompile Include="350_Intersection of Two Arrays II.cpp">
      <Filter>Source Files</Filter>
    </ClCompile>
    <ClCompile Include="371_Sum of Two Integers.cpp">
      <Filter>Source Files</Filter>
    </ClCompile>
    <ClCompile Include="377_Combination Sum IV.cpp">
      <Filter>Source Files</Filter>
    </ClCompile>
    <ClCompile Include="383_Ransom Note.cpp">
      <Filter>Source Files</Filter>
    </ClCompile>
    <ClCompile Include="412_Fizz Buzz.cpp">
      <Filter>Source Files</Filter>
    </ClCompile>
    <ClCompile Include="450_Delete Node in a BST.cpp">
      <Filter>Source Files</Filter>
    </ClCompile>
    <ClCompile Include="476_Number Complement.cpp">
      <Filter>Source Files</Filter>
    </ClCompile>
    <ClCompile Include="538_Convert BST to Greater Tree.cpp">
      <Filter>Source Files</Filter>
    </ClCompile>
    <ClCompile Include="543_Diameter of Binary Tree.cpp">
      <Filter>Source Files</Filter>
    </ClCompile>
    <ClCompile Include="572_Subtree of Another Tree.cpp">
      <Filter>Source Files</Filter>
    </ClCompile>
    <ClCompile Include="617_Merge Two Binary Trees.cpp">
      <Filter>Source Files</Filter>
    </ClCompile>
    <ClCompile Include="657_Robot Return to Origin.cpp">
      <Filter>Source Files</Filter>
    </ClCompile>
    <ClCompile Include="700_Search in a Binary Search Tree.cpp">
      <Filter>Source Files</Filter>
    </ClCompile>
    <ClCompile Include="703_Kth Largest Element in a Stream.cpp">
      <Filter>Source Files</Filter>
    </ClCompile>
    <ClCompile Include="709_To Lower Case.cpp">
      <Filter>Source Files</Filter>
    </ClCompile>
    <ClCompile Include="788_Rotated Digits.cpp">
      <Filter>Source Files</Filter>
    </ClCompile>
    <ClCompile Include="804_Unique Morse Code Words.cpp">
      <Filter>Source Files</Filter>
    </ClCompile>
    <ClCompile Include="844_Backspace String Compare.cpp">
      <Filter>Source Files</Filter>
    </ClCompile>
    <ClCompile Include="859_Buddy Strings.cpp">
      <Filter>Source Files</Filter>
    </ClCompile>
    <ClCompile Include="872_Leaf-Similar Trees.cpp">
      <Filter>Source Files</Filter>
    </ClCompile>
    <ClCompile Include="884_Uncommon Words from Two Sentences.cpp">
      <Filter>Source Files</Filter>
    </ClCompile>
    <ClCompile Include="896_Monotonic Array.cpp">
      <Filter>Source Files</Filter>
    </ClCompile>
    <ClCompile Include="905_Sort Array By Parity.cpp">
      <Filter>Source Files</Filter>
    </ClCompile>
    <ClCompile Include="917_Reverse Only Letters.cpp">
      <Filter>Source Files</Filter>
    </ClCompile>
    <ClCompile Include="922_Sort Array By Parity II.cpp">
      <Filter>Source Files</Filter>
    </ClCompile>
    <ClCompile Include="929_Unique Email Addresses.cpp">
      <Filter>Source Files</Filter>
    </ClCompile>
    <ClCompile Include="937_Reorder Log Files.cpp">
      <Filter>Source Files</Filter>
    </ClCompile>
    <ClCompile Include="415_Add Strings.cpp">
      <Filter>Source Files</Filter>
    </ClCompile>
    <ClCompile Include="001_Two Sum.cpp">
      <Filter>Source Files\Array</Filter>
    </ClCompile>
    <ClCompile Include="026_Remove_dup_from_sroted_arr.cpp">
      <Filter>Source Files\Array</Filter>
    </ClCompile>
    <ClCompile Include="027_Remove Element.cpp">
      <Filter>Source Files\Array</Filter>
    </ClCompile>
    <ClCompile Include="035_Search_Insert_Position.cpp">
      <Filter>Source Files\Array</Filter>
    </ClCompile>
    <ClCompile Include="053_Maximum_Subarray.cpp">
      <Filter>Source Files\Array</Filter>
    </ClCompile>
    <ClCompile Include="066_Plus_One.cpp">
      <Filter>Source Files\Array</Filter>
    </ClCompile>
    <ClCompile Include="088_ Merge_Sorted_Array.cpp">
      <Filter>Source Files\Array</Filter>
    </ClCompile>
    <ClCompile Include="021_Merge Two Sorted Lists.cpp">
      <Filter>Source Files\Linked List</Filter>
    </ClCompile>
    <ClCompile Include="083_Remove Duplicates from Sorted List.cpp">
      <Filter>Source Files\Linked List</Filter>
    </ClCompile>
    <ClCompile Include="002_Add Two Numbers.cpp">
      <Filter>Source Files\string</Filter>
    </ClCompile>
    <ClCompile Include="013_RomanToInteger.cpp">
      <Filter>Source Files\string</Filter>
    </ClCompile>
    <ClCompile Include="014_Longest_Common_Prefix.cpp">
      <Filter>Source Files\string</Filter>
    </ClCompile>
    <ClCompile Include="020_Vaild_Parentheses.cpp">
      <Filter>Source Files\string</Filter>
    </ClCompile>
    <ClCompile Include="028_Implement_strStr.cpp">
      <Filter>Source Files\string</Filter>
    </ClCompile>
    <ClCompile Include="038_Count_and_Say.cpp">
      <Filter>Source Files\string</Filter>
    </ClCompile>
    <ClCompile Include="058_Length_of_Last_Word.cpp">
      <Filter>Source Files\string</Filter>
    </ClCompile>
    <ClCompile Include="067_Add Binary.cpp">
      <Filter>Source Files\string</Filter>
    </ClCompile>
    <ClCompile Include="125_Vaild_Palindrome.cpp">
      <Filter>Source Files\string</Filter>
    </ClCompile>
    <ClCompile Include="344_Reverse_String.cpp">
      <Filter>Source Files\string</Filter>
    </ClCompile>
    <ClCompile Include="349_Intersection of Two Arrays.cpp">
      <Filter>Source Files\string</Filter>
    </ClCompile>
    <ClCompile Include="387_First Unique Character in a String.cpp">
      <Filter>Source Files\string</Filter>
    </ClCompile>
    <ClCompile Include="520_Detect Capital.cpp">
      <Filter>Source Files\string</Filter>
    </ClCompile>
    <ClCompile Include="541_Reverse_String_II.cpp">
      <Filter>Source Files\string</Filter>
    </ClCompile>
    <ClCompile Include="551_Student Attendance Record I.cpp">
      <Filter>Source Files\string</Filter>
    </ClCompile>
    <ClCompile Include="557_Reverse_Words_in_String_III.cpp">
      <Filter>Source Files\string</Filter>
    </ClCompile>
    <ClCompile Include="118_Pascal%27s Triangle.cpp">
      <Filter>Source Files\Array</Filter>
    </ClCompile>
    <ClCompile Include="119_Pascal%27s Triangle II.cpp">
      <Filter>Source Files\Array</Filter>
    </ClCompile>
    <ClCompile Include="121_Best Time to Buy and Sell Stock.cpp">
      <Filter>Source Files\Array</Filter>
    </ClCompile>
    <ClCompile Include="122_Best Time to Buy and Sell Stock II.cpp">
      <Filter>Source Files\Array</Filter>
    </ClCompile>
    <ClCompile Include="167_Two Sum II - Input array is sorted.cpp">
      <Filter>Source Files\Array</Filter>
    </ClCompile>
    <ClCompile Include="169_Majority Element.cpp">
      <Filter>Source Files\Array</Filter>
    </ClCompile>
    <ClCompile Include="217_Contains Duplicate.cpp">
      <Filter>Source Files\Array</Filter>
    </ClCompile>
    <ClCompile Include="019_Remove Nth Node From End of List.cpp">
      <Filter>Source Files\Array</Filter>
    </ClCompile>
    <ClCompile Include="219_Contains Duplicate II.cpp">
      <Filter>Source Files\Array</Filter>
    </ClCompile>
    <ClCompile Include="238_Product of Array Except Self.cpp">
      <Filter>Source Files\Array</Filter>
    </ClCompile>
    <ClCompile Include="268_Missing Number.cpp">
      <Filter>Source Files\Array</Filter>
    </ClCompile>
    <ClCompile Include="283_Move Zeroes.cpp">
      <Filter>Source Files\Array</Filter>
    </ClCompile>
    <ClCompile Include="414_Third Maximum Number.cpp">
      <Filter>Source Files\Array</Filter>
    </ClCompile>
    <ClCompile Include="448_Find All Numbers Disappeared in an Array.cpp">
      <Filter>Source Files\Array</Filter>
    </ClCompile>
    <ClCompile Include="485_Max Consecutive Ones.cpp">
      <Filter>Source Files\Array</Filter>
    </ClCompile>
    <ClCompile Include="532_K-diff Pairs in an Array.cpp">
      <Filter>Source Files\Array</Filter>
    </ClCompile>
    <ClCompile Include="561_Array Partition I.cpp">
      <Filter>Source Files\Array</Filter>
    </ClCompile>
    <ClCompile Include="566_Reshape the Matrix.cpp">
      <Filter>Source Files\Array</Filter>
    </ClCompile>
    <ClCompile Include="674_Longest Continuous Increasing Subsequence.cpp">
      <Filter>Source Files\Array</Filter>
    </ClCompile>
    <ClCompile Include="697_Degree of an Array.cpp">
      <Filter>Source Files\Array</Filter>
    </ClCompile>
    <ClCompile Include="203_Remove Linked List Elements.cpp">
      <Filter>Source Files\Linked List</Filter>
    </ClCompile>
    <ClCompile Include="206_Reverse Linked List.cpp">
      <Filter>Source Files\Linked List</Filter>
    </ClCompile>
    <ClCompile Include="234_Palindrome Linked List.cpp">
      <Filter>Source Files\Linked List</Filter>
    </ClCompile>
    <ClCompile Include="237_Delete Node in a Linked List.cpp">
      <Filter>Source Files\Linked List</Filter>
    </ClCompile>
    <ClCompile Include="707_Design Linked List.cpp">
      <Filter>Source Files\Linked List</Filter>
    </ClCompile>
    <ClCompile Include="876_Middle of the Linked List.cpp">
      <Filter>Source Files\Linked List</Filter>
    </ClCompile>
    <ClCompile Include="054_Spiral Matrix.cpp">
      <Filter>Source Files\tree</Filter>
    </ClCompile>
    <ClCompile Include="100_Same Tree.cpp">
      <Filter>Source Files\tree</Filter>
    </ClCompile>
    <ClCompile Include="101_Symmetric Tree.cpp">
      <Filter>Source Files\tree</Filter>
    </ClCompile>
    <ClCompile Include="104_Maximum Depth of Binary Tree.cpp">
      <Filter>Source Files\tree</Filter>
    </ClCompile>
    <ClCompile Include="108_Convert Sorted Array to Binary Search Tree.cpp">
      <Filter>Source Files\tree</Filter>
    </ClCompile>
    <ClCompile Include="110_Balanced Binary Tree.cpp">
      <Filter>Source Files\tree</Filter>
    </ClCompile>
    <ClCompile Include="111_Minimum Depth of Binary Tree.cpp">
      <Filter>Source Files\tree</Filter>
    </ClCompile>
    <ClCompile Include="112_Path Sum.cpp">
      <Filter>Source Files\tree</Filter>
    </ClCompile>
    <ClCompile Include="113_Path Sum II.cpp">
      <Filter>Source Files\tree</Filter>
    </ClCompile>
    <ClCompile Include="437_Path Sum III.cpp">
      <Filter>Source Files\tree</Filter>
    </ClCompile>
    <ClCompile Include="404_Sum of Left Leaves.cpp">
      <Filter>Source Files\tree</Filter>
    </ClCompile>
    <ClCompile Include="226_Invert Binary Tree.cpp">
      <Filter>Source Files\tree</Filter>
    </ClCompile>
    <ClCompile Include="003_Longest Substring Without Repeating Characters.cpp">
      <Filter>Source Files\string</Filter>
    </ClCompile>
    <ClCompile Include="897_Increasing Order Search Tree.cpp">
      <Filter>Source Files\DP</Filter>
    </ClCompile>
    <ClCompile Include="070_Climbing Stairs.cpp">
      <Filter>Source Files\DP</Filter>
    </ClCompile>
    <ClCompile Include="198_House Robber.cpp">
      <Filter>Source Files\DP</Filter>
    </ClCompile>
    <ClCompile Include="338_Counting Bits.cpp">
      <Filter>Source Files\DP</Filter>
    </ClCompile>
    <ClCompile Include="746_Min Cost Climbing Stairs.cpp">
      <Filter>Source Files\DP</Filter>
    </ClCompile>
    <ClCompile Include="102_Binary Tree Level Order Traversal.cpp">
      <Filter>Source Files\tree</Filter>
    </ClCompile>
    <ClCompile Include="103_Binary Tree Zigzag Level Order Traversal.cpp">
      <Filter>Source Files\tree</Filter>
    </ClCompile>
    <ClCompile Include="107_Binary Tree Level Order Traversal II.cpp">
      <Filter>Source Files\tree</Filter>
    </ClCompile>
    <ClCompile Include="098_Validate Binary Search Tree.cpp">
      <Filter>Source Files\tree</Filter>
    </ClCompile>
    <ClCompile Include="530_Minimum Absolute Difference in BST.cpp">
      <Filter>Source Files\tree</Filter>
    </ClCompile>
  </ItemGroup>
  <ItemGroup>
    <ClInclude Include="000_util.h">
      <Filter>Header Files</Filter>
    </ClInclude>
  </ItemGroup>
</Project>